schema: '2.0'
stages:
  collect:
    cmd: python -m src.collect
    deps:
    - path: src/collect.py
      hash: md5
      md5: e537f9ed877e5a49030ca75007e522bc
      size: 4522
    - path: src/config.py
      hash: md5
      md5: 9e487ae55cd79a8a7582f0dfec84f671
      size: 2094
    params:
      params.yaml:
        collect:
          version: v2
          n_rows: 3000
          sources:
            v1:
            - Kessel/bbcnews
            v2:
            - Kessel/bbcnews
            - fancyzhx/ag_news
          topics:
          verify_answer_index: false
          system_prompts:
          - 'Ты классифицируешь новости по темам. Прочитай текст и назови одну из
            категорий: business, entertainment, politics, sport, tech.'
          - 'Перед тобой новостной текст. Определи его категорию: business, entertainment,
            politics, sport или tech. Ответь одной строкой.'
          - 'Задача: отнести новость к одной из пяти категорий — business, entertainment,
            politics, sport, tech.'
          - 'Ты помогаешь редактору размечать новости. Прочитай текст и выбери категорию:
            business, entertainment, politics, sport или tech.'
          - 'Определи тематику новости. Варианты: business, entertainment, politics,
            sport, tech. Ответь только названием категории.'
        paths.metrics_collect: metrics/collect.json
        paths.raw: data/raw.jsonl
    outs:
    - path: data/raw.jsonl
      hash: md5
      md5: b4ee8ede4877e7fabf5066de092a776f
      size: 4328554
    - path: metrics/collect.json
      hash: md5
      md5: d6f699b3fb284eecbd8413c8719544cd
      size: 187
  clean:
    cmd: python -m src.clean
    deps:
    - path: data/raw.jsonl
      hash: md5
      md5: b4ee8ede4877e7fabf5066de092a776f
      size: 4328554
    - path: src/clean.py
      hash: md5
      md5: 8e87192f581ee1d52865686099a0ac6a
      size: 4524
    - path: src/config.py
      hash: md5
      md5: 9e487ae55cd79a8a7582f0dfec84f671
      size: 2094
    - path: src/dedup.py
      hash: md5
      md5: fde80d28430f1612c4cbb7f0fdcc1f4d
      size: 2757
    - path: src/pii.py
      hash: md5
      md5: 54de6f3690578d83cfc17094d2d2aa7a
      size: 2397
    - path: src/schema.py
      hash: md5
      md5: ad834fcb5caa483d3d5d5bfabb433cc0
      size: 3054
    - path: src/textnorm.py
      hash: md5
      md5: c7e2f072fe9cc4d2b5af76f5c360c6c0
      size: 1844
    params:
      params.yaml:
        clean:
          min_user_chars: 30
          max_user_chars: 4000
          min_assistant_chars: 2
          near_dup:
            enabled: true
            shingle_words: 4
            num_perm: 64
            threshold: 0.85
          pii:
            enabled: true
        paths.clean: data/clean.jsonl
        paths.raw: data/raw.jsonl
    outs:
    - path: data/clean.jsonl
      hash: md5
      md5: 2115a66f120ac895a191b81d10378df6
      size: 4145149
    - path: metrics/clean.json
      hash: md5
      md5: cba4b47860f129daf910f5b62fceffbd
      size: 444
  diversity:
    cmd: python -m src.diversity
    deps:
    - path: data/clean.jsonl
      hash: md5
      md5: 2115a66f120ac895a191b81d10378df6
      size: 4145149
    - path: src/config.py
      hash: md5
      md5: 9e487ae55cd79a8a7582f0dfec84f671
      size: 2094
    - path: src/diversity.py
      hash: md5
      md5: b1dbf12a95170042c010b7b30f82e1d8
      size: 6771
    - path: src/schema.py
      hash: md5
      md5: ad834fcb5caa483d3d5d5bfabb433cc0
      size: 3054
    - path: src/stats.py
      hash: md5
      md5: a54925032eff4769647b5775d72dd423
      size: 2222
    - path: src/textnorm.py
      hash: md5
      md5: c7e2f072fe9cc4d2b5af76f5c360c6c0
      size: 1844
    params:
      params.yaml:
        diversity:
          min_examples: 1000
          min_system_prompts: 3
          min_groups: 5
          max_group_share: 0.3
          min_answer_len_ratio: 1.05
          max_same_length_share: 0.6
          max_duplicate_answer_share: 0.999
        paths.clean: data/clean.jsonl
        split.group_key: topic
    outs:
    - path: metrics/diversity.json
      hash: md5
      md5: e4db39896f88200a630e5cbf60d6c576
      size: 644
  split:
    cmd: python -m src.split
    deps:
    - path: data/clean.jsonl
      hash: md5
      md5: 2115a66f120ac895a191b81d10378df6
      size: 4145149
    - path: src/config.py
      hash: md5
      md5: 9e487ae55cd79a8a7582f0dfec84f671
      size: 2094
    - path: src/contamination.py
      hash: md5
      md5: 9062ca58d46aa68e6a2a1ffa1e2e6101
      size: 2307
    - path: src/dedup.py
      hash: md5
      md5: fde80d28430f1612c4cbb7f0fdcc1f4d
      size: 2757
    - path: src/schema.py
      hash: md5
      md5: ad834fcb5caa483d3d5d5bfabb433cc0
      size: 3054
    - path: src/split.py
      hash: md5
      md5: 5dc56ec4b8f6b9ac858fc58e7dda448d
      size: 3824
    - path: src/textnorm.py
      hash: md5
      md5: c7e2f072fe9cc4d2b5af76f5c360c6c0
      size: 1844
    params:
      params.yaml:
        contamination:
          threshold: 0.85
        paths.test: data/test.jsonl
        paths.train: data/train.jsonl
        paths.val: data/val.jsonl
        split:
          group_key: topic
          group_granularity: 10
          ratios:
            train: 0.8
            val: 0.1
            test: 0.1
          seed: 42
    outs:
    - path: data/test.jsonl
      hash: md5
      md5: 12c0a4d9f598455ae984cd3b0f0ad322
      size: 524695
    - path: data/train.jsonl
      hash: md5
      md5: a3375787ab45b3ce8485719ed2089eec
      size: 3243946
    - path: data/val.jsonl
      hash: md5
      md5: df9db2877277f8226556c8acaebf95ef
      size: 376508
    - path: metrics/split.json
      hash: md5
      md5: f5165f871aa449650b96fe4cd7cc506d
      size: 517
